
Microsoft Visual Studio Solution File, Format Version 12.00
# Visual Studio Version 17
VisualStudioVersion = 17.4.33110.190
MinimumVisualStudioVersion = 10.0.40219.1
Project("{FAE04EC0-301F-11D3-BF4B-00C04F79EFBC}") = "CSharpShop", "CSharpShop\CSharpShop.csproj", "{9AC25A4D-025A-4BE1-BBB1-70E6439CF207}"
EndProject
Global
	GlobalSection(SolutionConfigurationPlatforms) = preSolution
		Debug|Any CPU = Debug|Any CPU
		Release|Any CPU = Release|Any CPU
	EndGlobalSection
	GlobalSection(ProjectConfigurationPlatforms) = postSolution
		{9AC25A4D-025A-4BE1-BBB1-70E6439CF207}.Debug|Any CPU.ActiveCfg = Debug|Any CPU
		{9AC25A4D-025A-4BE1-BBB1-70E6439CF207}.Debug|Any CPU.Build.0 = Debug|Any CPU
		{9AC25A4D-025A-4BE1-BBB1-70E6439CF207}.Release|Any CPU.ActiveCfg = Release|Any CPU
		{9AC25A4D-025A-4BE1-BBB1-70E6439CF207}.Release|Any CPU.Build.0 = Release|Any CPU
	EndGlobalSection
	GlobalSection(SolutionProperties) = preSolution
		HideSolutionNode = FALSE
	EndGlobalSection
	GlobalSection(ExtensibilityGlobals) = postSolution
		SolutionGuid = {FE3C238D-A372-4875-AAFF-D32EF80FAFD6}
	EndGlobalSection
EndGlobal
